// !$*UTF8*$!
{
	archiveVersion = 1;
	classes = {
	};
	objectVersion = 50;
	objects = {

/* Begin PBXBuildFile section */
		8E01797B20BC93F700FEEC7B /* CoreLocation.framework in Frameworks */ = {isa = PBXBuildFile; fileRef = 8E01797A20BC93F700FEEC7B /* CoreLocation.framework */; };
		8EA0D89920BA085200B0A1AA /* AppDelegate.swift in Sources */ = {isa = PBXBuildFile; fileRef = 8EA0D89820BA085200B0A1AA /* AppDelegate.swift */; };
		8EA0D89B20BA085200B0A1AA /* ViewController.swift in Sources */ = {isa = PBXBuildFile; fileRef = 8EA0D89A20BA085200B0A1AA /* ViewController.swift */; };
		8EA0D89E20BA085200B0A1AA /* Main.storyboard in Resources */ = {isa = PBXBuildFile; fileRef = 8EA0D89C20BA085200B0A1AA /* Main.storyboard */; };
		8EA0D8A020BA085B00B0A1AA /* Assets.xcassets in Resources */ = {isa = PBXBuildFile; fileRef = 8EA0D89F20BA085B00B0A1AA /* Assets.xcassets */; };
		8EA0D8A320BA085B00B0A1AA /* LaunchScreen.storyboard in Resources */ = {isa = PBXBuildFile; fileRef = 8EA0D8A120BA085B00B0A1AA /* LaunchScreen.storyboard */; };
		8EA0D8AE20BA085C00B0A1AA /* dimeTests.swift in Sources */ = {isa = PBXBuildFile; fileRef = 8EA0D8AD20BA085C00B0A1AA /* dimeTests.swift */; };
		8EA0D8B920BA085C00B0A1AA /* dimeUITests.swift in Sources */ = {isa = PBXBuildFile; fileRef = 8EA0D8B820BA085C00B0A1AA /* dimeUITests.swift */; };
		8EA0D8C720BBD19100B0A1AA /* deal.swift in Sources */ = {isa = PBXBuildFile; fileRef = 8EA0D8C620BBD19100B0A1AA /* deal.swift */; };
		8EA0D8C920BBF62300B0A1AA /* location.swift in Sources */ = {isa = PBXBuildFile; fileRef = 8EA0D8C820BBF62300B0A1AA /* location.swift */; };
/* End PBXBuildFile section */

/* Begin PBXContainerItemProxy section */
		8EA0D8AA20BA085C00B0A1AA /* PBXContainerItemProxy */ = {
			isa = PBXContainerItemProxy;
			containerPortal = 8EA0D88D20BA085100B0A1AA /* Project object */;
			proxyType = 1;
			remoteGlobalIDString = 8EA0D89420BA085200B0A1AA;
			remoteInfo = dime;
		};
		8EA0D8B520BA085C00B0A1AA /* PBXContainerItemProxy */ = {
			isa = PBXContainerItemProxy;
			containerPortal = 8EA0D88D20BA085100B0A1AA /* Project object */;
			proxyType = 1;
			remoteGlobalIDString = 8EA0D89420BA085200B0A1AA;
			remoteInfo = dime;
		};
/* End PBXContainerItemProxy section */

/* Begin PBXFileReference section */
		8E01797A20BC93F700FEEC7B /* CoreLocation.framework */ = {isa = PBXFileReference; lastKnownFileType = wrapper.framework; name = CoreLocation.framework; path = System/Library/Frameworks/CoreLocation.framework; sourceTree = SDKROOT; };
		8EA0D89520BA085200B0A1AA /* dime.app */ = {isa = PBXFileReference; explicitFileType = wrapper.application; includeInIndex = 0; path = dime.app; sourceTree = BUILT_PRODUCTS_DIR; };
		8EA0D89820BA085200B0A1AA /* AppDelegate.swift */ = {isa = PBXFileReference; lastKnownFileType = sourcecode.swift; path = AppDelegate.swift; sourceTree = "<group>"; };
		8EA0D89A20BA085200B0A1AA /* ViewController.swift */ = {isa = PBXFileReference; lastKnownFileType = sourcecode.swift; path = ViewController.swift; sourceTree = "<group>"; };
		8EA0D89D20BA085200B0A1AA /* Base */ = {isa = PBXFileReference; lastKnownFileType = file.storyboard; name = Base; path = Base.lproj/Main.storyboard; sourceTree = "<group>"; };
		8EA0D89F20BA085B00B0A1AA /* Assets.xcassets */ = {isa = PBXFileReference; lastKnownFileType = folder.assetcatalog; path = Assets.xcassets; sourceTree = "<group>"; };
		8EA0D8A220BA085B00B0A1AA /* Base */ = {isa = PBXFileReference; lastKnownFileType = file.storyboard; name = Base; path = Base.lproj/LaunchScreen.storyboard; sourceTree = "<group>"; };
		8EA0D8A420BA085B00B0A1AA /* Info.plist */ = {isa = PBXFileReference; lastKnownFileType = text.plist.xml; path = Info.plist; sourceTree = "<group>"; };
		8EA0D8A920BA085C00B0A1AA /* dimeTests.xctest */ = {isa = PBXFileReference; explicitFileType = wrapper.cfbundle; includeInIndex = 0; path = dimeTests.xctest; sourceTree = BUILT_PRODUCTS_DIR; };
		8EA0D8AD20BA085C00B0A1AA /* dimeTests.swift */ = {isa = PBXFileReference; lastKnownFileType = sourcecode.swift; path = dimeTests.swift; sourceTree = "<group>"; };
		8EA0D8AF20BA085C00B0A1AA /* Info.plist */ = {isa = PBXFileReference; lastKnownFileType = text.plist.xml; path = Info.plist; sourceTree = "<group>"; };
		8EA0D8B420BA085C00B0A1AA /* dimeUITests.xctest */ = {isa = PBXFileReference; explicitFileType = wrapper.cfbundle; includeInIndex = 0; path = dimeUITests.xctest; sourceTree = BUILT_PRODUCTS_DIR; };
		8EA0D8B820BA085C00B0A1AA /* dimeUITests.swift */ = {isa = PBXFileReference; lastKnownFileType = sourcecode.swift; path = dimeUITests.swift; sourceTree = "<group>"; };
		8EA0D8BA20BA085C00B0A1AA /* Info.plist */ = {isa = PBXFileReference; lastKnownFileType = text.plist.xml; path = Info.plist; sourceTree = "<group>"; };
		8EA0D8C620BBD19100B0A1AA /* deal.swift */ = {isa = PBXFileReference; lastKnownFileType = sourcecode.swift; path = deal.swift; sourceTree = "<group>"; };
		8EA0D8C820BBF62300B0A1AA /* location.swift */ = {isa = PBXFileReference; lastKnownFileType = sourcecode.swift; path = location.swift; sourceTree = "<group>"; };
/* End PBXFileReference section */

/* Begin PBXFrameworksBuildPhase section */
		8EA0D89220BA085200B0A1AA /* Frameworks */ = {
			isa = PBXFrameworksBuildPhase;
			buildActionMask = 2147483647;
			files = (
				8E01797B20BC93F700FEEC7B /* CoreLocation.framework in Frameworks */,
			);
			runOnlyForDeploymentPostprocessing = 0;
		};
		8EA0D8A620BA085C00B0A1AA /* Frameworks */ = {
			isa = PBXFrameworksBuildPhase;
			buildActionMask = 2147483647;
			files = (
			);
			runOnlyForDeploymentPostprocessing = 0;
		};
		8EA0D8B120BA085C00B0A1AA /* Frameworks */ = {
			isa = PBXFrameworksBuildPhase;
			buildActionMask = 2147483647;
			files = (
			);
			runOnlyForDeploymentPostprocessing = 0;
		};
/* End PBXFrameworksBuildPhase section */

/* Begin PBXGroup section */
		8E01797920BC93F700FEEC7B /* Frameworks */ = {
			isa = PBXGroup;
			children = (
				8E01797A20BC93F700FEEC7B /* CoreLocation.framework */,
			);
			name = Frameworks;
			sourceTree = "<group>";
		};
		8EA0D88C20BA085100B0A1AA = {
			isa = PBXGroup;
			children = (
				8EA0D89720BA085200B0A1AA /* dime */,
				8EA0D8AC20BA085C00B0A1AA /* dimeTests */,
				8EA0D8B720BA085C00B0A1AA /* dimeUITests */,
				8EA0D89620BA085200B0A1AA /* Products */,
				8E01797920BC93F700FEEC7B /* Frameworks */,
			);
			sourceTree = "<group>";
		};
		8EA0D89620BA085200B0A1AA /* Products */ = {
			isa = PBXGroup;
			children = (
				8EA0D89520BA085200B0A1AA /* dime.app */,
				8EA0D8A920BA085C00B0A1AA /* dimeTests.xctest */,
				8EA0D8B420BA085C00B0A1AA /* dimeUITests.xctest */,
			);
			name = Products;
			sourceTree = "<group>";
		};
		8EA0D89720BA085200B0A1AA /* dime */ = {
			isa = PBXGroup;
			children = (
				8EA0D89820BA085200B0A1AA /* AppDelegate.swift */,
				8EA0D8C620BBD19100B0A1AA /* deal.swift */,
				8EA0D8C820BBF62300B0A1AA /* location.swift */,
				8EA0D89A20BA085200B0A1AA /* ViewController.swift */,
				8EA0D89C20BA085200B0A1AA /* Main.storyboard */,
				8EA0D89F20BA085B00B0A1AA /* Assets.xcassets */,
				8EA0D8A120BA085B00B0A1AA /* LaunchScreen.storyboard */,
				8EA0D8A420BA085B00B0A1AA /* Info.plist */,
			);
			path = dime;
			sourceTree = "<group>";
		};
		8EA0D8AC20BA085C00B0A1AA /* dimeTests */ = {
			isa = PBXGroup;
			children = (
				8EA0D8AD20BA085C00B0A1AA /* dimeTests.swift */,
				8EA0D8AF20BA085C00B0A1AA /* Info.plist */,
			);
			path = dimeTests;
			sourceTree = "<group>";
		};
		8EA0D8B720BA085C00B0A1AA /* dimeUITests */ = {
			isa = PBXGroup;
			children = (
				8EA0D8B820BA085C00B0A1AA /* dimeUITests.swift */,
				8EA0D8BA20BA085C00B0A1AA /* Info.plist */,
			);
			path = dimeUITests;
			sourceTree = "<group>";
		};
/* End PBXGroup section */

/* Begin PBXNativeTarget section */
		8EA0D89420BA085200B0A1AA /* dime */ = {
			isa = PBXNativeTarget;
			buildConfigurationList = 8EA0D8BD20BA085C00B0A1AA /* Build configuration list for PBXNativeTarget "dime" */;
			buildPhases = (
				8EA0D89120BA085200B0A1AA /* Sources */,
				8EA0D89220BA085200B0A1AA /* Frameworks */,
				8EA0D89320BA085200B0A1AA /* Resources */,
			);
			buildRules = (
			);
			dependencies = (
			);
			name = dime;
			productName = dime;
			productReference = 8EA0D89520BA085200B0A1AA /* dime.app */;
			productType = "com.apple.product-type.application";
		};
		8EA0D8A820BA085C00B0A1AA /* dimeTests */ = {
			isa = PBXNativeTarget;
			buildConfigurationList = 8EA0D8C020BA085C00B0A1AA /* Build configuration list for PBXNativeTarget "dimeTests" */;
			buildPhases = (
				8EA0D8A520BA085C00B0A1AA /* Sources */,
				8EA0D8A620BA085C00B0A1AA /* Frameworks */,
				8EA0D8A720BA085C00B0A1AA /* Resources */,
			);
			buildRules = (
			);
			dependencies = (
				8EA0D8AB20BA085C00B0A1AA /* PBXTargetDependency */,
			);
			name = dimeTests;
			productName = dimeTests;
			productReference = 8EA0D8A920BA085C00B0A1AA /* dimeTests.xctest */;
			productType = "com.apple.product-type.bundle.unit-test";
		};
		8EA0D8B320BA085C00B0A1AA /* dimeUITests */ = {
			isa = PBXNativeTarget;
			buildConfigurationList = 8EA0D8C320BA085C00B0A1AA /* Build configuration list for PBXNativeTarget "dimeUITests" */;
			buildPhases = (
				8EA0D8B020BA085C00B0A1AA /* Sources */,
				8EA0D8B120BA085C00B0A1AA /* Frameworks */,
				8EA0D8B220BA085C00B0A1AA /* Resources */,
			);
			buildRules = (
			);
			dependencies = (
				8EA0D8B620BA085C00B0A1AA /* PBXTargetDependency */,
			);
			name = dimeUITests;
			productName = dimeUITests;
			productReference = 8EA0D8B420BA085C00B0A1AA /* dimeUITests.xctest */;
			productType = "com.apple.product-type.bundle.ui-testing";
		};
/* End PBXNativeTarget section */

/* Begin PBXProject section */
		8EA0D88D20BA085100B0A1AA /* Project object */ = {
			isa = PBXProject;
			attributes = {
				LastSwiftUpdateCheck = 0930;
				LastUpgradeCheck = 0930;
				ORGANIZATIONNAME = "Javier Garcia";
				TargetAttributes = {
					8EA0D89420BA085200B0A1AA = {
						CreatedOnToolsVersion = 9.3;
					};
					8EA0D8A820BA085C00B0A1AA = {
						CreatedOnToolsVersion = 9.3;
						TestTargetID = 8EA0D89420BA085200B0A1AA;
					};
					8EA0D8B320BA085C00B0A1AA = {
						CreatedOnToolsVersion = 9.3;
						TestTargetID = 8EA0D89420BA085200B0A1AA;
					};
				};
			};
			buildConfigurationList = 8EA0D89020BA085100B0A1AA /* Build configuration list for PBXProject "dime" */;
			compatibilityVersion = "Xcode 9.3";
			developmentRegion = en;
			hasScannedForEncodings = 0;
			knownRegions = (
				en,
				Base,
			);
			mainGroup = 8EA0D88C20BA085100B0A1AA;
			productRefGroup = 8EA0D89620BA085200B0A1AA /* Products */;
			projectDirPath = "";
			projectRoot = "";
			targets = (
				8EA0D89420BA085200B0A1AA /* dime */,
				8EA0D8A820BA085C00B0A1AA /* dimeTests */,
				8EA0D8B320BA085C00B0A1AA /* dimeUITests */,
			);
		};
/* End PBXProject section */

/* Begin PBXResourcesBuildPhase section */
		8EA0D89320BA085200B0A1AA /* Resources */ = {
			isa = PBXResourcesBuildPhase;
			buildActionMask = 2147483647;
			files = (
				8EA0D8A320BA085B00B0A1AA /* LaunchScreen.storyboard in Resources */,
				8EA0D8A020BA085B00B0A1AA /* Assets.xcassets in Resources */,
				8EA0D89E20BA085200B0A1AA /* Main.storyboard in Resources */,
			);
			runOnlyForDeploymentPostprocessing = 0;
		};
		8EA0D8A720BA085C00B0A1AA /* Resources */ = {
			isa = PBXResourcesBuildPhase;
			buildActionMask = 2147483647;
			files = (
			);
			runOnlyForDeploymentPostprocessing = 0;
		};
		8EA0D8B220BA085C00B0A1AA /* Resources */ = {
			isa = PBXResourcesBuildPhase;
			buildActionMask = 2147483647;
			files = (
			);
			runOnlyForDeploymentPostprocessing = 0;
		};
/* End PBXResourcesBuildPhase section */

/* Begin PBXSourcesBuildPhase section */
		8EA0D89120BA085200B0A1AA /* Sources */ = {
			isa = PBXSourcesBuildPhase;
			buildActionMask = 2147483647;
			files = (
				8EA0D8C720BBD19100B0A1AA /* deal.swift in Sources */,
				8EA0D89B20BA085200B0A1AA /* ViewController.swift in Sources */,
				8EA0D8C920BBF62300B0A1AA /* location.swift in Sources */,
				8EA0D89920BA085200B0A1AA /* AppDelegate.swift in Sources */,
			);
			runOnlyForDeploymentPostprocessing = 0;
		};
		8EA0D8A520BA085C00B0A1AA /* Sources */ = {
			isa = PBXSourcesBuildPhase;
			buildActionMask = 2147483647;
			files = (
				8EA0D8AE20BA085C00B0A1AA /* dimeTests.swift in Sources */,
			);
			runOnlyForDeploymentPostprocessing = 0;
		};
		8EA0D8B020BA085C00B0A1AA /* Sources */ = {
			isa = PBXSourcesBuildPhase;
			buildActionMask = 2147483647;
			files = (
				8EA0D8B920BA085C00B0A1AA /* dimeUITests.swift in Sources */,
			);
			runOnlyForDeploymentPostprocessing = 0;
		};
/* End PBXSourcesBuildPhase section */

/* Begin PBXTargetDependency section */
		8EA0D8AB20BA085C00B0A1AA /* PBXTargetDependency */ = {
			isa = PBXTargetDependency;
			target = 8EA0D89420BA085200B0A1AA /* dime */;
			targetProxy = 8EA0D8AA20BA085C00B0A1AA /* PBXContainerItemProxy */;
		};
		8EA0D8B620BA085C00B0A1AA /* PBXTargetDependency */ = {
			isa = PBXTargetDependency;
			target = 8EA0D89420BA085200B0A1AA /* dime */;
			targetProxy = 8EA0D8B520BA085C00B0A1AA /* PBXContainerItemProxy */;
		};
/* End PBXTargetDependency section */

/* Begin PBXVariantGroup section */
		8EA0D89C20BA085200B0A1AA /* Main.storyboard */ = {
			isa = PBXVariantGroup;
			children = (
				8EA0D89D20BA085200B0A1AA /* Base */,
			);
			name = Main.storyboard;
			sourceTree = "<group>";
		};
		8EA0D8A120BA085B00B0A1AA /* LaunchScreen.storyboard */ = {
			isa = PBXVariantGroup;
			children = (
				8EA0D8A220BA085B00B0A1AA /* Base */,
			);
			name = LaunchScreen.storyboard;
			sourceTree = "<group>";
		};
/* End PBXVariantGroup section */

/* Begin XCBuildConfiguration section */
		8EA0D8BB20BA085C00B0A1AA /* Debug */ = {
			isa = XCBuildConfiguration;
			buildSettings = {
				ALWAYS_SEARCH_USER_PATHS = NO;
				CLANG_ANALYZER_NONNULL = YES;
				CLANG_ANALYZER_NUMBER_OBJECT_CONVERSION = YES_AGGRESSIVE;
				CLANG_CXX_LANGUAGE_STANDARD = "gnu++14";
				CLANG_CXX_LIBRARY = "libc++";
				CLANG_ENABLE_MODULES = YES;
				CLANG_ENABLE_OBJC_ARC = YES;
				CLANG_ENABLE_OBJC_WEAK = YES;
				CLANG_WARN_BLOCK_CAPTURE_AUTORELEASING = YES;
				CLANG_WARN_BOOL_CONVERSION = YES;
				CLANG_WARN_COMMA = YES;
				CLANG_WARN_CONSTANT_CONVERSION = YES;
				CLANG_WARN_DEPRECATED_OBJC_IMPLEMENTATIONS = YES;
				CLANG_WARN_DIRECT_OBJC_ISA_USAGE = YES_ERROR;
				CLANG_WARN_DOCUMENTATION_COMMENTS = YES;
				CLANG_WARN_EMPTY_BODY = YES;
				CLANG_WARN_ENUM_CONVERSION = YES;
				CLANG_WARN_INFINITE_RECURSION = YES;
				CLANG_WARN_INT_CONVERSION = YES;
				CLANG_WARN_NON_LITERAL_NULL_CONVERSION = YES;
				CLANG_WARN_OBJC_IMPLICIT_RETAIN_SELF = YES;
				CLANG_WARN_OBJC_LITERAL_CONVERSION = YES;
				CLANG_WARN_OBJC_ROOT_CLASS = YES_ERROR;
				CLANG_WARN_RANGE_LOOP_ANALYSIS = YES;
				CLANG_WARN_STRICT_PROTOTYPES = YES;
				CLANG_WARN_SUSPICIOUS_MOVE = YES;
				CLANG_WARN_UNGUARDED_AVAILABILITY = YES_AGGRESSIVE;
				CLANG_WARN_UNREACHABLE_CODE = YES;
				CLANG_WARN__DUPLICATE_METHOD_MATCH = YES;
				CODE_SIGN_IDENTITY = "iPhone Developer";
				COPY_PHASE_STRIP = NO;
				DEBUG_INFORMATION_FORMAT = dwarf;
				ENABLE_STRICT_OBJC_MSGSEND = YES;
				ENABLE_TESTABILITY = YES;
				GCC_C_LANGUAGE_STANDARD = gnu11;
				GCC_DYNAMIC_NO_PIC = NO;
				GCC_NO_COMMON_BLOCKS = YES;
				GCC_OPTIMIZATION_LEVEL = 0;
				GCC_PREPROCESSOR_DEFINITIONS = (
					"DEBUG=1",
					"$(inherited)",
				);
				GCC_WARN_64_TO_32_BIT_CONVERSION = YES;
				GCC_WARN_ABOUT_RETURN_TYPE = YES_ERROR;
				GCC_WARN_UNDECLARED_SELECTOR = YES;
				GCC_WARN_UNINITIALIZED_AUTOS = YES_AGGRESSIVE;
				GCC_WARN_UNUSED_FUNCTION = YES;
				GCC_WARN_UNUSED_VARIABLE = YES;
				IPHONEOS_DEPLOYMENT_TARGET = 11.3;
				MTL_ENABLE_DEBUG_INFO = YES;
				ONLY_ACTIVE_ARCH = YES;
				SDKROOT = iphoneos;
				SWIFT_ACTIVE_COMPILATION_CONDITIONS = DEBUG;
				SWIFT_OPTIMIZATION_LEVEL = "-Onone";
			};
			name = Debug;
		};
		8EA0D8BC20BA085C00B0A1AA /* Release */ = {
			isa = XCBuildConfiguration;
			buildSettings = {
				ALWAYS_SEARCH_USER_PATHS = NO;
				CLANG_ANALYZER_NONNULL = YES;
				CLANG_ANALYZER_NUMBER_OBJECT_CONVERSION = YES_AGGRESSIVE;
				CLANG_CXX_LANGUAGE_STANDARD = "gnu++14";
				CLANG_CXX_LIBRARY = "libc++";
				CLANG_ENABLE_MODULES = YES;
				CLANG_ENABLE_OBJC_ARC = YES;
				CLANG_ENABLE_OBJC_WEAK = YES;
				CLANG_WARN_BLOCK_CAPTURE_AUTORELEASING = YES;
				CLANG_WARN_BOOL_CONVERSION = YES;
				CLANG_WARN_COMMA = YES;
				CLANG_WARN_CONSTANT_CONVERSION = YES;
				CLANG_WARN_DEPRECATED_OBJC_IMPLEMENTATIONS = YES;
				CLANG_WARN_DIRECT_OBJC_ISA_USAGE = YES_ERROR;
				CLANG_WARN_DOCUMENTATION_COMMENTS = YES;
				CLANG_WARN_EMPTY_BODY = YES;
				CLANG_WARN_ENUM_CONVERSION = YES;
				CLANG_WARN_INFINITE_RECURSION = YES;
				CLANG_WARN_INT_CONVERSION = YES;
				CLANG_WARN_NON_LITERAL_NULL_CONVERSION = YES;
				CLANG_WARN_OBJC_IMPLICIT_RETAIN_SELF = YES;
				CLANG_WARN_OBJC_LITERAL_CONVERSION = YES;
				CLANG_WARN_OBJC_ROOT_CLASS = YES_ERROR;
				CLANG_WARN_RANGE_LOOP_ANALYSIS = YES;
				CLANG_WARN_STRICT_PROTOTYPES = YES;
				CLANG_WARN_SUSPICIOUS_MOVE = YES;
				CLANG_WARN_UNGUARDED_AVAILABILITY = YES_AGGRESSIVE;
				CLANG_WARN_UNREACHABLE_CODE = YES;
				CLANG_WARN__DUPLICATE_METHOD_MATCH = YES;
				CODE_SIGN_IDENTITY = "iPhone Developer";
				COPY_PHASE_STRIP = NO;
				DEBUG_INFORMATION_FORMAT = "dwarf-with-dsym";
				ENABLE_NS_ASSERTIONS = NO;
				ENABLE_STRICT_OBJC_MSGSEND = YES;
				GCC_C_LANGUAGE_STANDARD = gnu11;
				GCC_NO_COMMON_BLOCKS = YES;
				GCC_WARN_64_TO_32_BIT_CONVERSION = YES;
				GCC_WARN_ABOUT_RETURN_TYPE = YES_ERROR;
				GCC_WARN_UNDECLARED_SELECTOR = YES;
				GCC_WARN_UNINITIALIZED_AUTOS = YES_AGGRESSIVE;
				GCC_WARN_UNUSED_FUNCTION = YES;
				GCC_WARN_UNUSED_VARIABLE = YES;
				IPHONEOS_DEPLOYMENT_TARGET = 11.3;
				MTL_ENABLE_DEBUG_INFO = NO;
				SDKROOT = iphoneos;
				SWIFT_COMPILATION_MODE = wholemodule;
				SWIFT_OPTIMIZATION_LEVEL = "-O";
				VALIDATE_PRODUCT = YES;
			};
			name = Release;
		};
		8EA0D8BE20BA085C00B0A1AA /* Debug */ = {
			isa = XCBuildConfiguration;
			buildSettings = {
				ASSETCATALOG_COMPILER_APPICON_NAME = AppIcon;
				CODE_SIGN_STYLE = Automatic;
				INFOPLIST_FILE = dime/Info.plist;
				LD_RUNPATH_SEARCH_PATHS = (
					"$(inherited)",
					"@executable_path/Frameworks",
				);
				PRODUCT_BUNDLE_IDENTIFIER = CSC436.dime;
				PRODUCT_NAME = "$(TARGET_NAME)";
				SWIFT_VERSION = 4.0;
				TARGETED_DEVICE_FAMILY = "1,2";
			};
			name = Debug;
		};
		8EA0D8BF20BA085C00B0A1AA /* Release */ = {
			isa = XCBuildConfiguration;
			buildSettings = {
				ASSETCATALOG_COMPILER_APPICON_NAME = AppIcon;
				CODE_SIGN_STYLE = Automatic;
				INFOPLIST_FILE = dime/Info.plist;
				LD_RUNPATH_SEARCH_PATHS = (
					"$(inherited)",
					"@executable_path/Frameworks",
				);
				PRODUCT_BUNDLE_IDENTIFIER = CSC436.dime;
				PRODUCT_NAME = "$(TARGET_NAME)";
				SWIFT_VERSION = 4.0;
				TARGETED_DEVICE_FAMILY = "1,2";
			};
			name = Release;
		};
		8EA0D8C120BA085C00B0A1AA /* Debug */ = {
			isa = XCBuildConfiguration;
			buildSettings = {
				ALWAYS_EMBED_SWIFT_STANDARD_LIBRARIES = YES;
				BUNDLE_LOADER = "$(TEST_HOST)";
				CODE_SIGN_STYLE = Automatic;
				INFOPLIST_FILE = dimeTests/Info.plist;
				LD_RUNPATH_SEARCH_PATHS = (
					"$(inherited)",
					"@executable_path/Frameworks",
					"@loader_path/Frameworks",
				);
				PRODUCT_BUNDLE_IDENTIFIER = CSC436.dimeTests;
				PRODUCT_NAME = "$(TARGET_NAME)";
				SWIFT_VERSION = 4.0;
				TARGETED_DEVICE_FAMILY = "1,2";
				TEST_HOST = "$(BUILT_PRODUCTS_DIR)/dime.app/dime";
			};
			name = Debug;
		};
		8EA0D8C220BA085C00B0A1AA /* Release */ = {
			isa = XCBuildConfiguration;
			buildSettings = {
				ALWAYS_EMBED_SWIFT_STANDARD_LIBRARIES = YES;
				BUNDLE_LOADER = "$(TEST_HOST)";
				CODE_SIGN_STYLE = Automatic;
				INFOPLIST_FILE = dimeTests/Info.plist;
				LD_RUNPATH_SEARCH_PATHS = (
					"$(inherited)",
					"@executable_path/Frameworks",
					"@loader_path/Frameworks",
				);
				PRODUCT_BUNDLE_IDENTIFIER = CSC436.dimeTests;
				PRODUCT_NAME = "$(TARGET_NAME)";
				SWIFT_VERSION = 4.0;
				TARGETED_DEVICE_FAMILY = "1,2";
				TEST_HOST = "$(BUILT_PRODUCTS_DIR)/dime.app/dime";
			};
			name = Release;
		};
		8EA0D8C420BA085C00B0A1AA /* Debug */ = {
			isa = XCBuildConfiguration;
			buildSettings = {
				ALWAYS_EMBED_SWIFT_STANDARD_LIBRARIES = YES;
				CODE_SIGN_STYLE = Automatic;
				INFOPLIST_FILE = dimeUITests/Info.plist;
				LD_RUNPATH_SEARCH_PATHS = (
					"$(inherited)",
					"@executable_path/Frameworks",
					"@loader_path/Frameworks",
				);
				PRODUCT_BUNDLE_IDENTIFIER = CSC436.dimeUITests;
				PRODUCT_NAME = "$(TARGET_NAME)";
				SWIFT_VERSION = 4.0;
				TARGETED_DEVICE_FAMILY = "1,2";
				TEST_TARGET_NAME = dime;
			};
			name = Debug;
		};
		8EA0D8C520BA085C00B0A1AA /* Release */ = {
			isa = XCBuildConfiguration;
			buildSettings = {
				ALWAYS_EMBED_SWIFT_STANDARD_LIBRARIES = YES;
				CODE_SIGN_STYLE = Automatic;
				INFOPLIST_FILE = dimeUITests/Info.plist;
				LD_RUNPATH_SEARCH_PATHS = (
					"$(inherited)",
					"@executable_path/Frameworks",
					"@loader_path/Frameworks",
				);
				PRODUCT_BUNDLE_IDENTIFIER = CSC436.dimeUITests;
				PRODUCT_NAME = "$(TARGET_NAME)";
				SWIFT_VERSION = 4.0;
				TARGETED_DEVICE_FAMILY = "1,2";
				TEST_TARGET_NAME = dime;
			};
			name = Release;
		};
/* End XCBuildConfiguration section */

/* Begin XCConfigurationList section */
		8EA0D89020BA085100B0A1AA /* Build configuration list for PBXProject "dime" */ = {
			isa = XCConfigurationList;
			buildConfigurations = (
				8EA0D8BB20BA085C00B0A1AA /* Debug */,
				8EA0D8BC20BA085C00B0A1AA /* Release */,
			);
			defaultConfigurationIsVisible = 0;
			defaultConfigurationName = Release;
		};
		8EA0D8BD20BA085C00B0A1AA /* Build configuration list for PBXNativeTarget "dime" */ = {
			isa = XCConfigurationList;
			buildConfigurations = (
				8EA0D8BE20BA085C00B0A1AA /* Debug */,
				8EA0D8BF20BA085C00B0A1AA /* Release */,
			);
			defaultConfigurationIsVisible = 0;
			defaultConfigurationName = Release;
		};
		8EA0D8C020BA085C00B0A1AA /* Build configuration list for PBXNativeTarget "dimeTests" */ = {
			isa = XCConfigurationList;
			buildConfigurations = (
				8EA0D8C120BA085C00B0A1AA /* Debug */,
				8EA0D8C220BA085C00B0A1AA /* Release */,
			);
			defaultConfigurationIsVisible = 0;
			defaultConfigurationName = Release;
		};
		8EA0D8C320BA085C00B0A1AA /* Build configuration list for PBXNativeTarget "dimeUITests" */ = {
			isa = XCConfigurationList;
			buildConfigurations = (
				8EA0D8C420BA085C00B0A1AA /* Debug */,
				8EA0D8C520BA085C00B0A1AA /* Release */,
			);
			defaultConfigurationIsVisible = 0;
			defaultConfigurationName = Release;
		};
/* End XCConfigurationList section */
	};
	rootObject = 8EA0D88D20BA085100B0A1AA /* Project object */;
}
